# This file was autogenerated by Stack.
# You should not edit this file by hand.
# For more information, please see the documentation at:
#   https://docs.haskellstack.org/en/stable/lock_files

packages:
- completed:
    hackage: ascii-1.7.0.1@sha256:45cc4cb7dce2cb348034c299357cfe7dd834a56b16106fabcafc8016e66b2dd5,1795
    pantry-tree:
      sha256: 096158e758a28f0a3e0b322cf9c953a9f55e5426fd770fbb279bde6c9600dd9e
      size: 320
  original:
    hackage: ascii-1.7.0.1
snapshots:
- completed:
    sha256: 3e184a8f5e751ba159db999ce1bebe45143ce8422b525b4d2de6d9b849d203c9
    size: 720269
    url: https://raw.githubusercontent.com/commercialhaskell/stackage-snapshots/master/lts/22/42.yaml
  original:
    url: https://raw.githubusercontent.com/commercialhaskell/stackage-snapshots/master/lts/22/42.yaml
